
Microsoft Visual Studio Solution File, Format Version 12.00
# Visual Studio 15
VisualStudioVersion = 15.0.27703.2047
MinimumVisualStudioVersion = 10.0.40219.1
Project("{FAE04EC0-301F-11D3-BF4B-00C04F79EFBC}") = "NetworkAdapterRouteControl", "NetworkAdapterRouteControl.csproj", "{FC7A1B52-935F-46AA-B321-F9042B9A36BA}"
EndProject
Project("{54435603-DBB4-11D2-8724-00A0C9A8B90C}") = "NetworkAdapterRouteControlSetup", "..\NetworkAdapterRouteControlSetup\NetworkAdapterRouteControlSetup.vdproj", "{019F0CAC-2CE8-498D-A401-F91AE73ED543}"
EndProject
Global
	GlobalSection(SolutionConfigurationPlatforms) = preSolution
		Debug|Any CPU = Debug|Any CPU
		Release|Any CPU = Release|Any CPU
	EndGlobalSection
	GlobalSection(ProjectConfigurationPlatforms) = postSolution
		{FC7A1B52-935F-46AA-B321-F9042B9A36BA}.Debug|Any CPU.ActiveCfg = Debug|Any CPU
		{FC7A1B52-935F-46AA-B321-F9042B9A36BA}.Debug|Any CPU.Build.0 = Debug|Any CPU
		{FC7A1B52-935F-46AA-B321-F9042B9A36BA}.Release|Any CPU.ActiveCfg = Release|Any CPU
		{FC7A1B52-935F-46AA-B321-F9042B9A36BA}.Release|Any CPU.Build.0 = Release|Any CPU
		{019F0CAC-2CE8-498D-A401-F91AE73ED543}.Debug|Any CPU.ActiveCfg = Debug
		{019F0CAC-2CE8-498D-A401-F91AE73ED543}.Release|Any CPU.ActiveCfg = Release
	EndGlobalSection
	GlobalSection(SolutionProperties) = preSolution
		HideSolutionNode = FALSE
	EndGlobalSection
	GlobalSection(ExtensibilityGlobals) = postSolution
		SolutionGuid = {7AA62D73-BA64-4B62-AC52-6356EE12BDC6}
	EndGlobalSection
EndGlobal
